{
  "name": "privacy-aware-crowdsensing",
  "lockfileVersion": 2,
  "requires": true,
  "packages": {
    "": {
      "dependencies": {
        "logrocket": "^2.0.0"
      }
    },
    "node_modules/logrocket": {
      "version": "2.0.0",
      "resolved": "https://registry.npmjs.org/logrocket/-/logrocket-2.0.0.tgz",
      "integrity": "sha512-O+YdrtpQn7oOmrxCqOyUcaB1+ONrhyJuB9CX57PQ0JJzNrYstxd0Oyg6UdLisA7UjNmwTr6fixMO3WOysDTFFA=="
    }
  },
  "dependencies": {
    "logrocket": {
      "version": "2.0.0",
      "resolved": "https://registry.npmjs.org/logrocket/-/logrocket-2.0.0.tgz",
      "integrity": "sha512-O+YdrtpQn7oOmrxCqOyUcaB1+ONrhyJuB9CX57PQ0JJzNrYstxd0Oyg6UdLisA7UjNmwTr6fixMO3WOysDTFFA=="
    }
  }
}
